
Microsoft Visual Studio Solution File, Format Version 12.00
# Visual Studio Version 16
VisualStudioVersion = 16.0.31205.134
MinimumVisualStudioVersion = 10.0.40219.1
Project("{9A19103F-16F7-4668-BE54-9A1E7A4F7556}") = "DesafioMentoriaSTI3", "DesafioMentoriaSTI3\DesafioMentoriaSTI3.csproj", "{9CCB681E-0901-41E3-9B2F-43409623C4FB}"
EndProject
Project("{FAE04EC0-301F-11D3-BF4B-00C04F79EFBC}") = "DesafioMentoriaSTI3.Data", "DesafioMentoriaSTI3.Data\DesafioMentoriaSTI3.Data.csproj", "{355E5F54-D8D6-4D68-BDD0-E24E7F1859BF}"
EndProject
Global
	GlobalSection(SolutionConfigurationPlatforms) = preSolution
		Debug|Any CPU = Debug|Any CPU
		Release|Any CPU = Release|Any CPU
	EndGlobalSection
	GlobalSection(ProjectConfigurationPlatforms) = postSolution
		{9CCB681E-0901-41E3-9B2F-43409623C4FB}.Debug|Any CPU.ActiveCfg = Debug|Any CPU
		{9CCB681E-0901-41E3-9B2F-43409623C4FB}.Debug|Any CPU.Build.0 = Debug|Any CPU
		{9CCB681E-0901-41E3-9B2F-43409623C4FB}.Release|Any CPU.ActiveCfg = Release|Any CPU
		{9CCB681E-0901-41E3-9B2F-43409623C4FB}.Release|Any CPU.Build.0 = Release|Any CPU
		{355E5F54-D8D6-4D68-BDD0-E24E7F1859BF}.Debug|Any CPU.ActiveCfg = Debug|Any CPU
		{355E5F54-D8D6-4D68-BDD0-E24E7F1859BF}.Debug|Any CPU.Build.0 = Debug|Any CPU
		{355E5F54-D8D6-4D68-BDD0-E24E7F1859BF}.Release|Any CPU.ActiveCfg = Release|Any CPU
		{355E5F54-D8D6-4D68-BDD0-E24E7F1859BF}.Release|Any CPU.Build.0 = Release|Any CPU
	EndGlobalSection
	GlobalSection(SolutionProperties) = preSolution
		HideSolutionNode = FALSE
	EndGlobalSection
	GlobalSection(ExtensibilityGlobals) = postSolution
		SolutionGuid = {ACD8EC0E-8467-467C-A142-47FAC0C15EC1}
	EndGlobalSection
EndGlobal
